
Microsoft Visual Studio Solution File, Format Version 12.00
# Visual Studio 15
VisualStudioVersion = 15.0.27428.2037
MinimumVisualStudioVersion = 10.0.40219.1
Project("{FAE04EC0-301F-11D3-BF4B-00C04F79EFBC}") = "QADataModel", "QADataModel\QADataModel.csproj", "{AF2E8BAE-03DE-421E-ADB7-1D7BD75031C9}"
EndProject
Project("{FAE04EC0-301F-11D3-BF4B-00C04F79EFBC}") = "ClientDataModel", "ClientDataModel\ClientDataModel.csproj", "{8BB11640-5350-4F89-B87D-27DAA7D7B1FA}"
EndProject
Global
	GlobalSection(SolutionConfigurationPlatforms) = preSolution
		Debug|Any CPU = Debug|Any CPU
		Release|Any CPU = Release|Any CPU
	EndGlobalSection
	GlobalSection(ProjectConfigurationPlatforms) = postSolution
		{AF2E8BAE-03DE-421E-ADB7-1D7BD75031C9}.Debug|Any CPU.ActiveCfg = Debug|Any CPU
		{AF2E8BAE-03DE-421E-ADB7-1D7BD75031C9}.Debug|Any CPU.Build.0 = Debug|Any CPU
		{AF2E8BAE-03DE-421E-ADB7-1D7BD75031C9}.Release|Any CPU.ActiveCfg = Release|Any CPU
		{AF2E8BAE-03DE-421E-ADB7-1D7BD75031C9}.Release|Any CPU.Build.0 = Release|Any CPU
		{8BB11640-5350-4F89-B87D-27DAA7D7B1FA}.Debug|Any CPU.ActiveCfg = Debug|Any CPU
		{8BB11640-5350-4F89-B87D-27DAA7D7B1FA}.Debug|Any CPU.Build.0 = Debug|Any CPU
		{8BB11640-5350-4F89-B87D-27DAA7D7B1FA}.Release|Any CPU.ActiveCfg = Release|Any CPU
		{8BB11640-5350-4F89-B87D-27DAA7D7B1FA}.Release|Any CPU.Build.0 = Release|Any CPU
	EndGlobalSection
	GlobalSection(SolutionProperties) = preSolution
		HideSolutionNode = FALSE
	EndGlobalSection
	GlobalSection(ExtensibilityGlobals) = postSolution
		SolutionGuid = {D8673508-5A62-46F6-80BE-6705640013BB}
	EndGlobalSection
EndGlobal
